
Microsoft Visual Studio Solution File, Format Version 12.00
# Visual Studio Version 17
VisualStudioVersion = 17.14.36327.8 d17.14
MinimumVisualStudioVersion = 10.0.40219.1
Project("{FAE04EC0-301F-11D3-BF4B-00C04F79EFBC}") = "InterfaceAndAbstraction- 2 exercise", "InterfaceAndAbstraction- 2 exercise\InterfaceAndAbstraction- 2 exercise.csproj", "{0B5BE42F-6F15-4248-BB12-DC8A959C056D}"
EndProject
Global
	GlobalSection(SolutionConfigurationPlatforms) = preSolution
		Debug|Any CPU = Debug|Any CPU
		Release|Any CPU = Release|Any CPU
	EndGlobalSection
	GlobalSection(ProjectConfigurationPlatforms) = postSolution
		{0B5BE42F-6F15-4248-BB12-DC8A959C056D}.Debug|Any CPU.ActiveCfg = Debug|Any CPU
		{0B5BE42F-6F15-4248-BB12-DC8A959C056D}.Debug|Any CPU.Build.0 = Debug|Any CPU
		{0B5BE42F-6F15-4248-BB12-DC8A959C056D}.Release|Any CPU.ActiveCfg = Release|Any CPU
		{0B5BE42F-6F15-4248-BB12-DC8A959C056D}.Release|Any CPU.Build.0 = Release|Any CPU
	EndGlobalSection
	GlobalSection(SolutionProperties) = preSolution
		HideSolutionNode = FALSE
	EndGlobalSection
	GlobalSection(ExtensibilityGlobals) = postSolution
		SolutionGuid = {07B862B0-2995-4C2B-BC28-B9F6D8EBA4F2}
	EndGlobalSection
EndGlobal
