
Microsoft Visual Studio Solution File, Format Version 12.00
# Visual Studio Version 17
VisualStudioVersion = 17.14.36327.8 d17.14
MinimumVisualStudioVersion = 10.0.40219.1
Project("{FAE04EC0-301F-11D3-BF4B-00C04F79EFBC}") = "Inheritance- 6", "Inheritance- 6\Inheritance- 6.csproj", "{1A3F3A08-32D7-4D03-A3C0-B62827FBDDBB}"
EndProject
Global
	GlobalSection(SolutionConfigurationPlatforms) = preSolution
		Debug|Any CPU = Debug|Any CPU
		Release|Any CPU = Release|Any CPU
	EndGlobalSection
	GlobalSection(ProjectConfigurationPlatforms) = postSolution
		{1A3F3A08-32D7-4D03-A3C0-B62827FBDDBB}.Debug|Any CPU.ActiveCfg = Debug|Any CPU
		{1A3F3A08-32D7-4D03-A3C0-B62827FBDDBB}.Debug|Any CPU.Build.0 = Debug|Any CPU
		{1A3F3A08-32D7-4D03-A3C0-B62827FBDDBB}.Release|Any CPU.ActiveCfg = Release|Any CPU
		{1A3F3A08-32D7-4D03-A3C0-B62827FBDDBB}.Release|Any CPU.Build.0 = Release|Any CPU
	EndGlobalSection
	GlobalSection(SolutionProperties) = preSolution
		HideSolutionNode = FALSE
	EndGlobalSection
	GlobalSection(ExtensibilityGlobals) = postSolution
		SolutionGuid = {562696C0-5E3B-4335-BBBF-AAAE5EBE6BB6}
	EndGlobalSection
EndGlobal
